// !$*UTF8*$!
{
	archiveVersion = 1;
	classes = {
	};
	objectVersion = 56;
	objects = {

/* Begin PBXBuildFile section */
		3957CB752B35DB440006ECB1 /* AppDelegate.swift in Sources */ = {isa = PBXBuildFile; fileRef = 3957CB742B35DB440006ECB1 /* AppDelegate.swift */; };
		3957CB772B35DB440006ECB1 /* SceneDelegate.swift in Sources */ = {isa = PBXBuildFile; fileRef = 3957CB762B35DB440006ECB1 /* SceneDelegate.swift */; };
		3957CB792B35DB440006ECB1 /* ViewController.swift in Sources */ = {isa = PBXBuildFile; fileRef = 3957CB782B35DB440006ECB1 /* ViewController.swift */; };
		3957CB7C2B35DB440006ECB1 /* Main.storyboard in Resources */ = {isa = PBXBuildFile; fileRef = 3957CB7A2B35DB440006ECB1 /* Main.storyboard */; };
		3957CB7E2B35DB460006ECB1 /* Assets.xcassets in Resources */ = {isa = PBXBuildFile; fileRef = 3957CB7D2B35DB460006ECB1 /* Assets.xcassets */; };
		3957CB812B35DB460006ECB1 /* LaunchScreen.storyboard in Resources */ = {isa = PBXBuildFile; fileRef = 3957CB7F2B35DB460006ECB1 /* LaunchScreen.storyboard */; };
		3957CB8C2B35DB460006ECB1 /* EventManagementSystemTests.swift in Sources */ = {isa = PBXBuildFile; fileRef = 3957CB8B2B35DB460006ECB1 /* EventManagementSystemTests.swift */; };
		3957CB962B35DB460006ECB1 /* EventManagementSystemUITests.swift in Sources */ = {isa = PBXBuildFile; fileRef = 3957CB952B35DB460006ECB1 /* EventManagementSystemUITests.swift */; };
		3957CB982B35DB460006ECB1 /* EventManagementSystemUITestsLaunchTests.swift in Sources */ = {isa = PBXBuildFile; fileRef = 3957CB972B35DB460006ECB1 /* EventManagementSystemUITestsLaunchTests.swift */; };
/* End PBXBuildFile section */

/* Begin PBXContainerItemProxy section */
		3957CB882B35DB460006ECB1 /* PBXContainerItemProxy */ = {
			isa = PBXContainerItemProxy;
			containerPortal = 3957CB692B35DB440006ECB1 /* Project object */;
			proxyType = 1;
			remoteGlobalIDString = 3957CB702B35DB440006ECB1;
			remoteInfo = EventManagementSystem;
		};
		3957CB922B35DB460006ECB1 /* PBXContainerItemProxy */ = {
			isa = PBXContainerItemProxy;
			containerPortal = 3957CB692B35DB440006ECB1 /* Project object */;
			proxyType = 1;
			remoteGlobalIDString = 3957CB702B35DB440006ECB1;
			remoteInfo = EventManagementSystem;
		};
/* End PBXContainerItemProxy section */

/* Begin PBXFileReference section */
		3957CB712B35DB440006ECB1 /* EventManagementSystem.app */ = {isa = PBXFileReference; explicitFileType = wrapper.application; includeInIndex = 0; path = EventManagementSystem.app; sourceTree = BUILT_PRODUCTS_DIR; };
		3957CB742B35DB440006ECB1 /* AppDelegate.swift */ = {isa = PBXFileReference; lastKnownFileType = sourcecode.swift; path = AppDelegate.swift; sourceTree = "<group>"; };
		3957CB762B35DB440006ECB1 /* SceneDelegate.swift */ = {isa = PBXFileReference; lastKnownFileType = sourcecode.swift; path = SceneDelegate.swift; sourceTree = "<group>"; };
		3957CB782B35DB440006ECB1 /* ViewController.swift */ = {isa = PBXFileReference; lastKnownFileType = sourcecode.swift; path = ViewController.swift; sourceTree = "<group>"; };
		3957CB7B2B35DB440006ECB1 /* Base */ = {isa = PBXFileReference; lastKnownFileType = file.storyboard; name = Base; path = Base.lproj/Main.storyboard; sourceTree = "<group>"; };
		3957CB7D2B35DB460006ECB1 /* Assets.xcassets */ = {isa = PBXFileReference; lastKnownFileType = folder.assetcatalog; path = Assets.xcassets; sourceTree = "<group>"; };
		3957CB802B35DB460006ECB1 /* Base */ = {isa = PBXFileReference; lastKnownFileType = file.storyboard; name = Base; path = Base.lproj/LaunchScreen.storyboard; sourceTree = "<group>"; };
		3957CB822B35DB460006ECB1 /* Info.plist */ = {isa = PBXFileReference; lastKnownFileType = text.plist.xml; path = Info.plist; sourceTree = "<group>"; };
		3957CB872B35DB460006ECB1 /* EventManagementSystemTests.xctest */ = {isa = PBXFileReference; explicitFileType = wrapper.cfbundle; includeInIndex = 0; path = EventManagementSystemTests.xctest; sourceTree = BUILT_PRODUCTS_DIR; };
		3957CB8B2B35DB460006ECB1 /* EventManagementSystemTests.swift */ = {isa = PBXFileReference; lastKnownFileType = sourcecode.swift; path = EventManagementSystemTests.swift; sourceTree = "<group>"; };
		3957CB912B35DB460006ECB1 /* EventManagementSystemUITests.xctest */ = {isa = PBXFileReference; explicitFileType = wrapper.cfbundle; includeInIndex = 0; path = EventManagementSystemUITests.xctest; sourceTree = BUILT_PRODUCTS_DIR; };
		3957CB952B35DB460006ECB1 /* EventManagementSystemUITests.swift */ = {isa = PBXFileReference; lastKnownFileType = sourcecode.swift; path = EventManagementSystemUITests.swift; sourceTree = "<group>"; };
		3957CB972B35DB460006ECB1 /* EventManagementSystemUITestsLaunchTests.swift */ = {isa = PBXFileReference; lastKnownFileType = sourcecode.swift; path = EventManagementSystemUITestsLaunchTests.swift; sourceTree = "<group>"; };
/* End PBXFileReference section */

/* Begin PBXFrameworksBuildPhase section */
		3957CB6E2B35DB440006ECB1 /* Frameworks */ = {
			isa = PBXFrameworksBuildPhase;
			buildActionMask = 2147483647;
			files = (
			);
			runOnlyForDeploymentPostprocessing = 0;
		};
		3957CB842B35DB460006ECB1 /* Frameworks */ = {
			isa = PBXFrameworksBuildPhase;
			buildActionMask = 2147483647;
			files = (
			);
			runOnlyForDeploymentPostprocessing = 0;
		};
		3957CB8E2B35DB460006ECB1 /* Frameworks */ = {
			isa = PBXFrameworksBuildPhase;
			buildActionMask = 2147483647;
			files = (
			);
			runOnlyForDeploymentPostprocessing = 0;
		};
/* End PBXFrameworksBuildPhase section */

/* Begin PBXGroup section */
		3957CB682B35DB440006ECB1 = {
			isa = PBXGroup;
			children = (
				3957CB732B35DB440006ECB1 /* EventManagementSystem */,
				3957CB8A2B35DB460006ECB1 /* EventManagementSystemTests */,
				3957CB942B35DB460006ECB1 /* EventManagementSystemUITests */,
				3957CB722B35DB440006ECB1 /* Products */,
			);
			sourceTree = "<group>";
		};
		3957CB722B35DB440006ECB1 /* Products */ = {
			isa = PBXGroup;
			children = (
				3957CB712B35DB440006ECB1 /* EventManagementSystem.app */,
				3957CB872B35DB460006ECB1 /* EventManagementSystemTests.xctest */,
				3957CB912B35DB460006ECB1 /* EventManagementSystemUITests.xctest */,
			);
			name = Products;
			sourceTree = "<group>";
		};
		3957CB732B35DB440006ECB1 /* EventManagementSystem */ = {
			isa = PBXGroup;
			children = (
				3957CB742B35DB440006ECB1 /* AppDelegate.swift */,
				3957CB762B35DB440006ECB1 /* SceneDelegate.swift */,
				3957CB782B35DB440006ECB1 /* ViewController.swift */,
				3957CB7A2B35DB440006ECB1 /* Main.storyboard */,
				3957CB7D2B35DB460006ECB1 /* Assets.xcassets */,
				3957CB7F2B35DB460006ECB1 /* LaunchScreen.storyboard */,
				3957CB822B35DB460006ECB1 /* Info.plist */,
			);
			path = EventManagementSystem;
			sourceTree = "<group>";
		};
		3957CB8A2B35DB460006ECB1 /* EventManagementSystemTests */ = {
			isa = PBXGroup;
			children = (
				3957CB8B2B35DB460006ECB1 /* EventManagementSystemTests.swift */,
			);
			path = EventManagementSystemTests;
			sourceTree = "<group>";
		};
		3957CB942B35DB460006ECB1 /* EventManagementSystemUITests */ = {
			isa = PBXGroup;
			children = (
				3957CB952B35DB460006ECB1 /* EventManagementSystemUITests.swift */,
				3957CB972B35DB460006ECB1 /* EventManagementSystemUITestsLaunchTests.swift */,
			);
			path = EventManagementSystemUITests;
			sourceTree = "<group>";
		};
/* End PBXGroup section */

/* Begin PBXNativeTarget section */
		3957CB702B35DB440006ECB1 /* EventManagementSystem */ = {
			isa = PBXNativeTarget;
			buildConfigurationList = 3957CB9B2B35DB460006ECB1 /* Build configuration list for PBXNativeTarget "EventManagementSystem" */;
			buildPhases = (
				3957CB6D2B35DB440006ECB1 /* Sources */,
				3957CB6E2B35DB440006ECB1 /* Frameworks */,
				3957CB6F2B35DB440006ECB1 /* Resources */,
			);
			buildRules = (
			);
			dependencies = (
			);
			name = EventManagementSystem;
			productName = EventManagementSystem;
			productReference = 3957CB712B35DB440006ECB1 /* EventManagementSystem.app */;
			productType = "com.apple.product-type.application";
		};
		3957CB862B35DB460006ECB1 /* EventManagementSystemTests */ = {
			isa = PBXNativeTarget;
			buildConfigurationList = 3957CB9E2B35DB460006ECB1 /* Build configuration list for PBXNativeTarget "EventManagementSystemTests" */;
			buildPhases = (
				3957CB832B35DB460006ECB1 /* Sources */,
				3957CB842B35DB460006ECB1 /* Frameworks */,
				3957CB852B35DB460006ECB1 /* Resources */,
			);
			buildRules = (
			);
			dependencies = (
				3957CB892B35DB460006ECB1 /* PBXTargetDependency */,
			);
			name = EventManagementSystemTests;
			productName = EventManagementSystemTests;
			productReference = 3957CB872B35DB460006ECB1 /* EventManagementSystemTests.xctest */;
			productType = "com.apple.product-type.bundle.unit-test";
		};
		3957CB902B35DB460006ECB1 /* EventManagementSystemUITests */ = {
			isa = PBXNativeTarget;
			buildConfigurationList = 3957CBA12B35DB460006ECB1 /* Build configuration list for PBXNativeTarget "EventManagementSystemUITests" */;
			buildPhases = (
				3957CB8D2B35DB460006ECB1 /* Sources */,
				3957CB8E2B35DB460006ECB1 /* Frameworks */,
				3957CB8F2B35DB460006ECB1 /* Resources */,
			);
			buildRules = (
			);
			dependencies = (
				3957CB932B35DB460006ECB1 /* PBXTargetDependency */,
			);
			name = EventManagementSystemUITests;
			productName = EventManagementSystemUITests;
			productReference = 3957CB912B35DB460006ECB1 /* EventManagementSystemUITests.xctest */;
			productType = "com.apple.product-type.bundle.ui-testing";
		};
/* End PBXNativeTarget section */

/* Begin PBXProject section */
		3957CB692B35DB440006ECB1 /* Project object */ = {
			isa = PBXProject;
			attributes = {
				BuildIndependentTargetsInParallel = 1;
				LastSwiftUpdateCheck = 1500;
				LastUpgradeCheck = 1500;
				TargetAttributes = {
					3957CB702B35DB440006ECB1 = {
						CreatedOnToolsVersion = 15.0;
					};
					3957CB862B35DB460006ECB1 = {
						CreatedOnToolsVersion = 15.0;
						TestTargetID = 3957CB702B35DB440006ECB1;
					};
					3957CB902B35DB460006ECB1 = {
						CreatedOnToolsVersion = 15.0;
						TestTargetID = 3957CB702B35DB440006ECB1;
					};
				};
			};
			buildConfigurationList = 3957CB6C2B35DB440006ECB1 /* Build configuration list for PBXProject "EventManagementSystem" */;
			compatibilityVersion = "Xcode 14.0";
			developmentRegion = en;
			hasScannedForEncodings = 0;
			knownRegions = (
				en,
				Base,
			);
			mainGroup = 3957CB682B35DB440006ECB1;
			productRefGroup = 3957CB722B35DB440006ECB1 /* Products */;
			projectDirPath = "";
			projectRoot = "";
			targets = (
				3957CB702B35DB440006ECB1 /* EventManagementSystem */,
				3957CB862B35DB460006ECB1 /* EventManagementSystemTests */,
				3957CB902B35DB460006ECB1 /* EventManagementSystemUITests */,
			);
		};
/* End PBXProject section */

/* Begin PBXResourcesBuildPhase section */
		3957CB6F2B35DB440006ECB1 /* Resources */ = {
			isa = PBXResourcesBuildPhase;
			buildActionMask = 2147483647;
			files = (
				3957CB812B35DB460006ECB1 /* LaunchScreen.storyboard in Resources */,
				3957CB7E2B35DB460006ECB1 /* Assets.xcassets in Resources */,
				3957CB7C2B35DB440006ECB1 /* Main.storyboard in Resources */,
			);
			runOnlyForDeploymentPostprocessing = 0;
		};
		3957CB852B35DB460006ECB1 /* Resources */ = {
			isa = PBXResourcesBuildPhase;
			buildActionMask = 2147483647;
			files = (
			);
			runOnlyForDeploymentPostprocessing = 0;
		};
		3957CB8F2B35DB460006ECB1 /* Resources */ = {
			isa = PBXResourcesBuildPhase;
			buildActionMask = 2147483647;
			files = (
			);
			runOnlyForDeploymentPostprocessing = 0;
		};
/* End PBXResourcesBuildPhase section */

/* Begin PBXSourcesBuildPhase section */
		3957CB6D2B35DB440006ECB1 /* Sources */ = {
			isa = PBXSourcesBuildPhase;
			buildActionMask = 2147483647;
			files = (
				3957CB792B35DB440006ECB1 /* ViewController.swift in Sources */,
				3957CB752B35DB440006ECB1 /* AppDelegate.swift in Sources */,
				3957CB772B35DB440006ECB1 /* SceneDelegate.swift in Sources */,
			);
			runOnlyForDeploymentPostprocessing = 0;
		};
		3957CB832B35DB460006ECB1 /* Sources */ = {
			isa = PBXSourcesBuildPhase;
			buildActionMask = 2147483647;
			files = (
				3957CB8C2B35DB460006ECB1 /* EventManagementSystemTests.swift in Sources */,
			);
			runOnlyForDeploymentPostprocessing = 0;
		};
		3957CB8D2B35DB460006ECB1 /* Sources */ = {
			isa = PBXSourcesBuildPhase;
			buildActionMask = 2147483647;
			files = (
				3957CB962B35DB460006ECB1 /* EventManagementSystemUITests.swift in Sources */,
				3957CB982B35DB460006ECB1 /* EventManagementSystemUITestsLaunchTests.swift in Sources */,
			);
			runOnlyForDeploymentPostprocessing = 0;
		};
/* End PBXSourcesBuildPhase section */

/* Begin PBXTargetDependency section */
		3957CB892B35DB460006ECB1 /* PBXTargetDependency */ = {
			isa = PBXTargetDependency;
			target = 3957CB702B35DB440006ECB1 /* EventManagementSystem */;
			targetProxy = 3957CB882B35DB460006ECB1 /* PBXContainerItemProxy */;
		};
		3957CB932B35DB460006ECB1 /* PBXTargetDependency */ = {
			isa = PBXTargetDependency;
			target = 3957CB702B35DB440006ECB1 /* EventManagementSystem */;
			targetProxy = 3957CB922B35DB460006ECB1 /* PBXContainerItemProxy */;
		};
/* End PBXTargetDependency section */

/* Begin PBXVariantGroup section */
		3957CB7A2B35DB440006ECB1 /* Main.storyboard */ = {
			isa = PBXVariantGroup;
			children = (
				3957CB7B2B35DB440006ECB1 /* Base */,
			);
			name = Main.storyboard;
			sourceTree = "<group>";
		};
		3957CB7F2B35DB460006ECB1 /* LaunchScreen.storyboard */ = {
			isa = PBXVariantGroup;
			children = (
				3957CB802B35DB460006ECB1 /* Base */,
			);
			name = LaunchScreen.storyboard;
			sourceTree = "<group>";
		};
/* End PBXVariantGroup section */

/* Begin XCBuildConfiguration section */
		3957CB992B35DB460006ECB1 /* Debug */ = {
			isa = XCBuildConfiguration;
			buildSettings = {
				ALWAYS_SEARCH_USER_PATHS = NO;
				ASSETCATALOG_COMPILER_GENERATE_SWIFT_ASSET_SYMBOL_EXTENSIONS = YES;
				CLANG_ANALYZER_NONNULL = YES;
				CLANG_ANALYZER_NUMBER_OBJECT_CONVERSION = YES_AGGRESSIVE;
				CLANG_CXX_LANGUAGE_STANDARD = "gnu++20";
				CLANG_ENABLE_MODULES = YES;
				CLANG_ENABLE_OBJC_ARC = YES;
				CLANG_ENABLE_OBJC_WEAK = YES;
				CLANG_WARN_BLOCK_CAPTURE_AUTORELEASING = YES;
				CLANG_WARN_BOOL_CONVERSION = YES;
				CLANG_WARN_COMMA = YES;
				CLANG_WARN_CONSTANT_CONVERSION = YES;
				CLANG_WARN_DEPRECATED_OBJC_IMPLEMENTATIONS = YES;
				CLANG_WARN_DIRECT_OBJC_ISA_USAGE = YES_ERROR;
				CLANG_WARN_DOCUMENTATION_COMMENTS = YES;
				CLANG_WARN_EMPTY_BODY = YES;
				CLANG_WARN_ENUM_CONVERSION = YES;
				CLANG_WARN_INFINITE_RECURSION = YES;
				CLANG_WARN_INT_CONVERSION = YES;
				CLANG_WARN_NON_LITERAL_NULL_CONVERSION = YES;
				CLANG_WARN_OBJC_IMPLICIT_RETAIN_SELF = YES;
				CLANG_WARN_OBJC_LITERAL_CONVERSION = YES;
				CLANG_WARN_OBJC_ROOT_CLASS = YES_ERROR;
				CLANG_WARN_QUOTED_INCLUDE_IN_FRAMEWORK_HEADER = YES;
				CLANG_WARN_RANGE_LOOP_ANALYSIS = YES;
				CLANG_WARN_STRICT_PROTOTYPES = YES;
				CLANG_WARN_SUSPICIOUS_MOVE = YES;
				CLANG_WARN_UNGUARDED_AVAILABILITY = YES_AGGRESSIVE;
				CLANG_WARN_UNREACHABLE_CODE = YES;
				CLANG_WARN__DUPLICATE_METHOD_MATCH = YES;
				COPY_PHASE_STRIP = NO;
				DEBUG_INFORMATION_FORMAT = dwarf;
				ENABLE_STRICT_OBJC_MSGSEND = YES;
				ENABLE_TESTABILITY = YES;
				ENABLE_USER_SCRIPT_SANDBOXING = YES;
				GCC_C_LANGUAGE_STANDARD = gnu17;
				GCC_DYNAMIC_NO_PIC = NO;
				GCC_NO_COMMON_BLOCKS = YES;
				GCC_OPTIMIZATION_LEVEL = 0;
				GCC_PREPROCESSOR_DEFINITIONS = (
					"DEBUG=1",
					"$(inherited)",
				);
				GCC_WARN_64_TO_32_BIT_CONVERSION = YES;
				GCC_WARN_ABOUT_RETURN_TYPE = YES_ERROR;
				GCC_WARN_UNDECLARED_SELECTOR = YES;
				GCC_WARN_UNINITIALIZED_AUTOS = YES_AGGRESSIVE;
				GCC_WARN_UNUSED_FUNCTION = YES;
				GCC_WARN_UNUSED_VARIABLE = YES;
				IPHONEOS_DEPLOYMENT_TARGET = 17.0;
				LOCALIZATION_PREFERS_STRING_CATALOGS = YES;
				MTL_ENABLE_DEBUG_INFO = INCLUDE_SOURCE;
				MTL_FAST_MATH = YES;
				ONLY_ACTIVE_ARCH = YES;
				SDKROOT = iphoneos;
				SWIFT_ACTIVE_COMPILATION_CONDITIONS = "DEBUG $(inherited)";
				SWIFT_OPTIMIZATION_LEVEL = "-Onone";
			};
			name = Debug;
		};
		3957CB9A2B35DB460006ECB1 /* Release */ = {
			isa = XCBuildConfiguration;
			buildSettings = {
				ALWAYS_SEARCH_USER_PATHS = NO;
				ASSETCATALOG_COMPILER_GENERATE_SWIFT_ASSET_SYMBOL_EXTENSIONS = YES;
				CLANG_ANALYZER_NONNULL = YES;
				CLANG_ANALYZER_NUMBER_OBJECT_CONVERSION = YES_AGGRESSIVE;
				CLANG_CXX_LANGUAGE_STANDARD = "gnu++20";
				CLANG_ENABLE_MODULES = YES;
				CLANG_ENABLE_OBJC_ARC = YES;
				CLANG_ENABLE_OBJC_WEAK = YES;
				CLANG_WARN_BLOCK_CAPTURE_AUTORELEASING = YES;
				CLANG_WARN_BOOL_CONVERSION = YES;
				CLANG_WARN_COMMA = YES;
				CLANG_WARN_CONSTANT_CONVERSION = YES;
				CLANG_WARN_DEPRECATED_OBJC_IMPLEMENTATIONS = YES;
				CLANG_WARN_DIRECT_OBJC_ISA_USAGE = YES_ERROR;
				CLANG_WARN_DOCUMENTATION_COMMENTS = YES;
				CLANG_WARN_EMPTY_BODY = YES;
				CLANG_WARN_ENUM_CONVERSION = YES;
				CLANG_WARN_INFINITE_RECURSION = YES;
				CLANG_WARN_INT_CONVERSION = YES;
				CLANG_WARN_NON_LITERAL_NULL_CONVERSION = YES;
				CLANG_WARN_OBJC_IMPLICIT_RETAIN_SELF = YES;
				CLANG_WARN_OBJC_LITERAL_CONVERSION = YES;
				CLANG_WARN_OBJC_ROOT_CLASS = YES_ERROR;
				CLANG_WARN_QUOTED_INCLUDE_IN_FRAMEWORK_HEADER = YES;
				CLANG_WARN_RANGE_LOOP_ANALYSIS = YES;
				CLANG_WARN_STRICT_PROTOTYPES = YES;
				CLANG_WARN_SUSPICIOUS_MOVE = YES;
				CLANG_WARN_UNGUARDED_AVAILABILITY = YES_AGGRESSIVE;
				CLANG_WARN_UNREACHABLE_CODE = YES;
				CLANG_WARN__DUPLICATE_METHOD_MATCH = YES;
				COPY_PHASE_STRIP = NO;
				DEBUG_INFORMATION_FORMAT = "dwarf-with-dsym";
				ENABLE_NS_ASSERTIONS = NO;
				ENABLE_STRICT_OBJC_MSGSEND = YES;
				ENABLE_USER_SCRIPT_SANDBOXING = YES;
				GCC_C_LANGUAGE_STANDARD = gnu17;
				GCC_NO_COMMON_BLOCKS = YES;
				GCC_WARN_64_TO_32_BIT_CONVERSION = YES;
				GCC_WARN_ABOUT_RETURN_TYPE = YES_ERROR;
				GCC_WARN_UNDECLARED_SELECTOR = YES;
				GCC_WARN_UNINITIALIZED_AUTOS = YES_AGGRESSIVE;
				GCC_WARN_UNUSED_FUNCTION = YES;
				GCC_WARN_UNUSED_VARIABLE = YES;
				IPHONEOS_DEPLOYMENT_TARGET = 17.0;
				LOCALIZATION_PREFERS_STRING_CATALOGS = YES;
				MTL_ENABLE_DEBUG_INFO = NO;
				MTL_FAST_MATH = YES;
				SDKROOT = iphoneos;
				SWIFT_COMPILATION_MODE = wholemodule;
				VALIDATE_PRODUCT = YES;
			};
			name = Release;
		};
		3957CB9C2B35DB460006ECB1 /* Debug */ = {
			isa = XCBuildConfiguration;
			buildSettings = {
				ASSETCATALOG_COMPILER_APPICON_NAME = AppIcon;
				ASSETCATALOG_COMPILER_GLOBAL_ACCENT_COLOR_NAME = AccentColor;
				CODE_SIGN_STYLE = Automatic;
				CURRENT_PROJECT_VERSION = 1;
				GENERATE_INFOPLIST_FILE = YES;
				INFOPLIST_FILE = EventManagementSystem/Info.plist;
				INFOPLIST_KEY_UIApplicationSupportsIndirectInputEvents = YES;
				INFOPLIST_KEY_UILaunchStoryboardName = LaunchScreen;
				INFOPLIST_KEY_UIMainStoryboardFile = Main;
				INFOPLIST_KEY_UISupportedInterfaceOrientations_iPad = "UIInterfaceOrientationPortrait UIInterfaceOrientationPortraitUpsideDown UIInterfaceOrientationLandscapeLeft UIInterfaceOrientationLandscapeRight";
				INFOPLIST_KEY_UISupportedInterfaceOrientations_iPhone = "UIInterfaceOrientationPortrait UIInterfaceOrientationLandscapeLeft UIInterfaceOrientationLandscapeRight";
				LD_RUNPATH_SEARCH_PATHS = (
					"$(inherited)",
					"@executable_path/Frameworks",
				);
				MARKETING_VERSION = 1.0;
				PRODUCT_BUNDLE_IDENTIFIER = selman.EventManagementSystem;
				PRODUCT_NAME = "$(TARGET_NAME)";
				SWIFT_EMIT_LOC_STRINGS = YES;
				SWIFT_VERSION = 5.0;
				TARGETED_DEVICE_FAMILY = "1,2";
			};
			name = Debug;
		};
		3957CB9D2B35DB460006ECB1 /* Release */ = {
			isa = XCBuildConfiguration;
			buildSettings = {
				ASSETCATALOG_COMPILER_APPICON_NAME = AppIcon;
				ASSETCATALOG_COMPILER_GLOBAL_ACCENT_COLOR_NAME = AccentColor;
				CODE_SIGN_STYLE = Automatic;
				CURRENT_PROJECT_VERSION = 1;
				GENERATE_INFOPLIST_FILE = YES;
				INFOPLIST_FILE = EventManagementSystem/Info.plist;
				INFOPLIST_KEY_UIApplicationSupportsIndirectInputEvents = YES;
				INFOPLIST_KEY_UILaunchStoryboardName = LaunchScreen;
				INFOPLIST_KEY_UIMainStoryboardFile = Main;
				INFOPLIST_KEY_UISupportedInterfaceOrientations_iPad = "UIInterfaceOrientationPortrait UIInterfaceOrientationPortraitUpsideDown UIInterfaceOrientationLandscapeLeft UIInterfaceOrientationLandscapeRight";
				INFOPLIST_KEY_UISupportedInterfaceOrientations_iPhone = "UIInterfaceOrientationPortrait UIInterfaceOrientationLandscapeLeft UIInterfaceOrientationLandscapeRight";
				LD_RUNPATH_SEARCH_PATHS = (
					"$(inherited)",
					"@executable_path/Frameworks",
				);
				MARKETING_VERSION = 1.0;
				PRODUCT_BUNDLE_IDENTIFIER = selman.EventManagementSystem;
				PRODUCT_NAME = "$(TARGET_NAME)";
				SWIFT_EMIT_LOC_STRINGS = YES;
				SWIFT_VERSION = 5.0;
				TARGETED_DEVICE_FAMILY = "1,2";
			};
			name = Release;
		};
		3957CB9F2B35DB460006ECB1 /* Debug */ = {
			isa = XCBuildConfiguration;
			buildSettings = {
				ALWAYS_EMBED_SWIFT_STANDARD_LIBRARIES = YES;
				BUNDLE_LOADER = "$(TEST_HOST)";
				CODE_SIGN_STYLE = Automatic;
				CURRENT_PROJECT_VERSION = 1;
				GENERATE_INFOPLIST_FILE = YES;
				IPHONEOS_DEPLOYMENT_TARGET = 17.0;
				MARKETING_VERSION = 1.0;
				PRODUCT_BUNDLE_IDENTIFIER = selman.EventManagementSystemTests;
				PRODUCT_NAME = "$(TARGET_NAME)";
				SWIFT_EMIT_LOC_STRINGS = NO;
				SWIFT_VERSION = 5.0;
				TARGETED_DEVICE_FAMILY = "1,2";
				TEST_HOST = "$(BUILT_PRODUCTS_DIR)/EventManagementSystem.app/$(BUNDLE_EXECUTABLE_FOLDER_PATH)/EventManagementSystem";
			};
			name = Debug;
		};
		3957CBA02B35DB460006ECB1 /* Release */ = {
			isa = XCBuildConfiguration;
			buildSettings = {
				ALWAYS_EMBED_SWIFT_STANDARD_LIBRARIES = YES;
				BUNDLE_LOADER = "$(TEST_HOST)";
				CODE_SIGN_STYLE = Automatic;
				CURRENT_PROJECT_VERSION = 1;
				GENERATE_INFOPLIST_FILE = YES;
				IPHONEOS_DEPLOYMENT_TARGET = 17.0;
				MARKETING_VERSION = 1.0;
				PRODUCT_BUNDLE_IDENTIFIER = selman.EventManagementSystemTests;
				PRODUCT_NAME = "$(TARGET_NAME)";
				SWIFT_EMIT_LOC_STRINGS = NO;
				SWIFT_VERSION = 5.0;
				TARGETED_DEVICE_FAMILY = "1,2";
				TEST_HOST = "$(BUILT_PRODUCTS_DIR)/EventManagementSystem.app/$(BUNDLE_EXECUTABLE_FOLDER_PATH)/EventManagementSystem";
			};
			name = Release;
		};
		3957CBA22B35DB460006ECB1 /* Debug */ = {
			isa = XCBuildConfiguration;
			buildSettings = {
				ALWAYS_EMBED_SWIFT_STANDARD_LIBRARIES = YES;
				CODE_SIGN_STYLE = Automatic;
				CURRENT_PROJECT_VERSION = 1;
				GENERATE_INFOPLIST_FILE = YES;
				MARKETING_VERSION = 1.0;
				PRODUCT_BUNDLE_IDENTIFIER = selman.EventManagementSystemUITests;
				PRODUCT_NAME = "$(TARGET_NAME)";
				SWIFT_EMIT_LOC_STRINGS = NO;
				SWIFT_VERSION = 5.0;
				TARGETED_DEVICE_FAMILY = "1,2";
				TEST_TARGET_NAME = EventManagementSystem;
			};
			name = Debug;
		};
		3957CBA32B35DB460006ECB1 /* Release */ = {
			isa = XCBuildConfiguration;
			buildSettings = {
				ALWAYS_EMBED_SWIFT_STANDARD_LIBRARIES = YES;
				CODE_SIGN_STYLE = Automatic;
				CURRENT_PROJECT_VERSION = 1;
				GENERATE_INFOPLIST_FILE = YES;
				MARKETING_VERSION = 1.0;
				PRODUCT_BUNDLE_IDENTIFIER = selman.EventManagementSystemUITests;
				PRODUCT_NAME = "$(TARGET_NAME)";
				SWIFT_EMIT_LOC_STRINGS = NO;
				SWIFT_VERSION = 5.0;
				TARGETED_DEVICE_FAMILY = "1,2";
				TEST_TARGET_NAME = EventManagementSystem;
			};
			name = Release;
		};
/* End XCBuildConfiguration section */

/* Begin XCConfigurationList section */
		3957CB6C2B35DB440006ECB1 /* Build configuration list for PBXProject "EventManagementSystem" */ = {
			isa = XCConfigurationList;
			buildConfigurations = (
				3957CB992B35DB460006ECB1 /* Debug */,
				3957CB9A2B35DB460006ECB1 /* Release */,
			);
			defaultConfigurationIsVisible = 0;
			defaultConfigurationName = Release;
		};
		3957CB9B2B35DB460006ECB1 /* Build configuration list for PBXNativeTarget "EventManagementSystem" */ = {
			isa = XCConfigurationList;
			buildConfigurations = (
				3957CB9C2B35DB460006ECB1 /* Debug */,
				3957CB9D2B35DB460006ECB1 /* Release */,
			);
			defaultConfigurationIsVisible = 0;
			defaultConfigurationName = Release;
		};
		3957CB9E2B35DB460006ECB1 /* Build configuration list for PBXNativeTarget "EventManagementSystemTests" */ = {
			isa = XCConfigurationList;
			buildConfigurations = (
				3957CB9F2B35DB460006ECB1 /* Debug */,
				3957CBA02B35DB460006ECB1 /* Release */,
			);
			defaultConfigurationIsVisible = 0;
			defaultConfigurationName = Release;
		};
		3957CBA12B35DB460006ECB1 /* Build configuration list for PBXNativeTarget "EventManagementSystemUITests" */ = {
			isa = XCConfigurationList;
			buildConfigurations = (
				3957CBA22B35DB460006ECB1 /* Debug */,
				3957CBA32B35DB460006ECB1 /* Release */,
			);
			defaultConfigurationIsVisible = 0;
			defaultConfigurationName = Release;
		};
/* End XCConfigurationList section */
	};
	rootObject = 3957CB692B35DB440006ECB1 /* Project object */;
}
